
Microsoft Visual Studio Solution File, Format Version 12.00
# Visual Studio 15
VisualStudioVersion = 15.0.28010.2046
MinimumVisualStudioVersion = 10.0.40219.1
Project("{FAE04EC0-301F-11D3-BF4B-00C04F79EFBC}") = "BooksPrac", "BooksPrac\BooksPrac.csproj", "{74832E79-A566-4ADF-8460-1FA4877741E4}"
EndProject
Global
	GlobalSection(SolutionConfigurationPlatforms) = preSolution
		Debug|Any CPU = Debug|Any CPU
		Release|Any CPU = Release|Any CPU
	EndGlobalSection
	GlobalSection(ProjectConfigurationPlatforms) = postSolution
		{74832E79-A566-4ADF-8460-1FA4877741E4}.Debug|Any CPU.ActiveCfg = Debug|Any CPU
		{74832E79-A566-4ADF-8460-1FA4877741E4}.Debug|Any CPU.Build.0 = Debug|Any CPU
		{74832E79-A566-4ADF-8460-1FA4877741E4}.Release|Any CPU.ActiveCfg = Release|Any CPU
		{74832E79-A566-4ADF-8460-1FA4877741E4}.Release|Any CPU.Build.0 = Release|Any CPU
	EndGlobalSection
	GlobalSection(SolutionProperties) = preSolution
		HideSolutionNode = FALSE
	EndGlobalSection
	GlobalSection(ExtensibilityGlobals) = postSolution
		SolutionGuid = {9D456DE6-C58B-4451-84D7-69499A670373}
	EndGlobalSection
EndGlobal
